
Microsoft Visual Studio Solution File, Format Version 12.00
# Visual Studio 15
VisualStudioVersion = 15.0.27428.2011
MinimumVisualStudioVersion = 10.0.40219.1
Project("{FAE04EC0-301F-11D3-BF4B-00C04F79EFBC}") = "CurrencyAlertApp", "CurrencyAlertApp\CurrencyAlertApp.csproj", "{B95EA9B3-7D0A-4B92-A6CE-EFDAD743459B}"
EndProject
Project("{FAE04EC0-301F-11D3-BF4B-00C04F79EFBC}") = "UnitTests_ForCurrencyTraderApp", "UnitTests_ForCurrencyTraderApp\UnitTests_ForCurrencyTraderApp.csproj", "{3D3219BF-4456-4CF5-B752-701E40834730}"
EndProject
Global
	GlobalSection(SolutionConfigurationPlatforms) = preSolution
		Debug|Any CPU = Debug|Any CPU
		Release|Any CPU = Release|Any CPU
	EndGlobalSection
	GlobalSection(ProjectConfigurationPlatforms) = postSolution
		{B95EA9B3-7D0A-4B92-A6CE-EFDAD743459B}.Debug|Any CPU.ActiveCfg = Debug|Any CPU
		{B95EA9B3-7D0A-4B92-A6CE-EFDAD743459B}.Debug|Any CPU.Build.0 = Debug|Any CPU
		{B95EA9B3-7D0A-4B92-A6CE-EFDAD743459B}.Debug|Any CPU.Deploy.0 = Debug|Any CPU
		{B95EA9B3-7D0A-4B92-A6CE-EFDAD743459B}.Release|Any CPU.ActiveCfg = Release|Any CPU
		{B95EA9B3-7D0A-4B92-A6CE-EFDAD743459B}.Release|Any CPU.Build.0 = Release|Any CPU
		{B95EA9B3-7D0A-4B92-A6CE-EFDAD743459B}.Release|Any CPU.Deploy.0 = Release|Any CPU
		{3D3219BF-4456-4CF5-B752-701E40834730}.Debug|Any CPU.ActiveCfg = Debug|Any CPU
		{3D3219BF-4456-4CF5-B752-701E40834730}.Debug|Any CPU.Build.0 = Debug|Any CPU
		{3D3219BF-4456-4CF5-B752-701E40834730}.Release|Any CPU.ActiveCfg = Release|Any CPU
		{3D3219BF-4456-4CF5-B752-701E40834730}.Release|Any CPU.Build.0 = Release|Any CPU
	EndGlobalSection
	GlobalSection(SolutionProperties) = preSolution
		HideSolutionNode = FALSE
	EndGlobalSection
	GlobalSection(ExtensibilityGlobals) = postSolution
		SolutionGuid = {95ED2702-0CD8-4BF0-AF4F-FE25E2D320AE}
	EndGlobalSection
EndGlobal
